
Microsoft Visual Studio Solution File, Format Version 12.00
# Visual Studio 14
VisualStudioVersion = 14.0.25420.1
MinimumVisualStudioVersion = 10.0.40219.1
Project("{FAE04EC0-301F-11D3-BF4B-00C04F79EFBC}") = "MSP_Ahmed_Ibrahim.Droid", "MSP-Ahmed Ibrahim\MSP_Ahmed_Ibrahim.Droid\MSP_Ahmed_Ibrahim.Droid.csproj", "{6F9A01CD-111C-47E1-B44E-75102162023B}"
EndProject
Project("{FAE04EC0-301F-11D3-BF4B-00C04F79EFBC}") = "MSP_Ahmed_Ibrahim.iOS", "MSP-Ahmed Ibrahim\MSP_Ahmed_Ibrahim.iOS\MSP_Ahmed_Ibrahim.iOS.csproj", "{3455606B-92A4-4ACF-8D04-73F9853640AF}"
EndProject
Project("{FAE04EC0-301F-11D3-BF4B-00C04F79EFBC}") = "MSP_Ahmed_Ibrahim.WinPhone", "MSP-Ahmed Ibrahim\MSP_Ahmed_Ibrahim.WinPhone\MSP_Ahmed_Ibrahim.WinPhone.csproj", "{1040892D-A464-45B2-8B17-A3208426CF4A}"
EndProject
Project("{FAE04EC0-301F-11D3-BF4B-00C04F79EFBC}") = "MSP_Ahmed_Ibrahim.UWP", "MSP-Ahmed Ibrahim\MSP_Ahmed_Ibrahim.UWP\MSP_Ahmed_Ibrahim.UWP.csproj", "{C475B655-D056-407D-8C61-2D29AE0A0A5A}"
EndProject
Project("{FAE04EC0-301F-11D3-BF4B-00C04F79EFBC}") = "MSP_Ahmed_Ibrahim.Windows", "MSP-Ahmed Ibrahim\MSP_Ahmed_Ibrahim.Windows\MSP_Ahmed_Ibrahim.Windows.csproj", "{F40424DB-B444-4C10-8168-1FA11FACEF1E}"
EndProject
Project("{FAE04EC0-301F-11D3-BF4B-00C04F79EFBC}") = "MSP_Ahmed_Ibrahim", "MSP-Ahmed Ibrahim\MSP_Ahmed_Ibrahim\MSP_Ahmed_Ibrahim.csproj", "{EA69A347-DF77-43E8-848B-9937A40A7372}"
EndProject
Global
	GlobalSection(SolutionConfigurationPlatforms) = preSolution
		Ad-Hoc|Any CPU = Ad-Hoc|Any CPU
		Ad-Hoc|ARM = Ad-Hoc|ARM
		Ad-Hoc|iPhone = Ad-Hoc|iPhone
		Ad-Hoc|iPhoneSimulator = Ad-Hoc|iPhoneSimulator
		Ad-Hoc|x64 = Ad-Hoc|x64
		Ad-Hoc|x86 = Ad-Hoc|x86
		AppStore|Any CPU = AppStore|Any CPU
		AppStore|ARM = AppStore|ARM
		AppStore|iPhone = AppStore|iPhone
		AppStore|iPhoneSimulator = AppStore|iPhoneSimulator
		AppStore|x64 = AppStore|x64
		AppStore|x86 = AppStore|x86
		Debug|Any CPU = Debug|Any CPU
		Debug|ARM = Debug|ARM
		Debug|iPhone = Debug|iPhone
		Debug|iPhoneSimulator = Debug|iPhoneSimulator
		Debug|x64 = Debug|x64
		Debug|x86 = Debug|x86
		Release|Any CPU = Release|Any CPU
		Release|ARM = Release|ARM
		Release|iPhone = Release|iPhone
		Release|iPhoneSimulator = Release|iPhoneSimulator
		Release|x64 = Release|x64
		Release|x86 = Release|x86
	EndGlobalSection
	GlobalSection(ProjectConfigurationPlatforms) = postSolution
		{6F9A01CD-111C-47E1-B44E-75102162023B}.Ad-Hoc|Any CPU.ActiveCfg = Release|Any CPU
		{6F9A01CD-111C-47E1-B44E-75102162023B}.Ad-Hoc|Any CPU.Build.0 = Release|Any CPU
		{6F9A01CD-111C-47E1-B44E-75102162023B}.Ad-Hoc|Any CPU.Deploy.0 = Release|Any CPU
		{6F9A01CD-111C-47E1-B44E-75102162023B}.Ad-Hoc|ARM.ActiveCfg = Release|Any CPU
		{6F9A01CD-111C-47E1-B44E-75102162023B}.Ad-Hoc|ARM.Build.0 = Release|Any CPU
		{6F9A01CD-111C-47E1-B44E-75102162023B}.Ad-Hoc|ARM.Deploy.0 = Release|Any CPU
		{6F9A01CD-111C-47E1-B44E-75102162023B}.Ad-Hoc|iPhone.ActiveCfg = Release|Any CPU
		{6F9A01CD-111C-47E1-B44E-75102162023B}.Ad-Hoc|iPhone.Build.0 = Release|Any CPU
		{6F9A01CD-111C-47E1-B44E-75102162023B}.Ad-Hoc|iPhone.Deploy.0 = Release|Any CPU
		{6F9A01CD-111C-47E1-B44E-75102162023B}.Ad-Hoc|iPhoneSimulator.ActiveCfg = Release|Any CPU
		{6F9A01CD-111C-47E1-B44E-75102162023B}.Ad-Hoc|iPhoneSimulator.Build.0 = Release|Any CPU
		{6F9A01CD-111C-47E1-B44E-75102162023B}.Ad-Hoc|iPhoneSimulator.Deploy.0 = Release|Any CPU
		{6F9A01CD-111C-47E1-B44E-75102162023B}.Ad-Hoc|x64.ActiveCfg = Release|Any CPU
		{6F9A01CD-111C-47E1-B44E-75102162023B}.Ad-Hoc|x64.Build.0 = Release|Any CPU
		{6F9A01CD-111C-47E1-B44E-75102162023B}.Ad-Hoc|x64.Deploy.0 = Release|Any CPU
		{6F9A01CD-111C-47E1-B44E-75102162023B}.Ad-Hoc|x86.ActiveCfg = Release|Any CPU
		{6F9A01CD-111C-47E1-B44E-75102162023B}.Ad-Hoc|x86.Build.0 = Release|Any CPU
		{6F9A01CD-111C-47E1-B44E-75102162023B}.Ad-Hoc|x86.Deploy.0 = Release|Any CPU
		{6F9A01CD-111C-47E1-B44E-75102162023B}.AppStore|Any CPU.ActiveCfg = Release|Any CPU
		{6F9A01CD-111C-47E1-B44E-75102162023B}.AppStore|Any CPU.Build.0 = Release|Any CPU
		{6F9A01CD-111C-47E1-B44E-75102162023B}.AppStore|Any CPU.Deploy.0 = Release|Any CPU
		{6F9A01CD-111C-47E1-B44E-75102162023B}.AppStore|ARM.ActiveCfg = Release|Any CPU
		{6F9A01CD-111C-47E1-B44E-75102162023B}.AppStore|ARM.Build.0 = Release|Any CPU
		{6F9A01CD-111C-47E1-B44E-75102162023B}.AppStore|ARM.Deploy.0 = Release|Any CPU
		{6F9A01CD-111C-47E1-B44E-75102162023B}.AppStore|iPhone.ActiveCfg = Release|Any CPU
		{6F9A01CD-111C-47E1-B44E-75102162023B}.AppStore|iPhone.Build.0 = Release|Any CPU
		{6F9A01CD-111C-47E1-B44E-75102162023B}.AppStore|iPhone.Deploy.0 = Release|Any CPU
		{6F9A01CD-111C-47E1-B44E-75102162023B}.AppStore|iPhoneSimulator.ActiveCfg = Release|Any CPU
		{6F9A01CD-111C-47E1-B44E-75102162023B}.AppStore|iPhoneSimulator.Build.0 = Release|Any CPU
		{6F9A01CD-111C-47E1-B44E-75102162023B}.AppStore|iPhoneSimulator.Deploy.0 = Release|Any CPU
		{6F9A01CD-111C-47E1-B44E-75102162023B}.AppStore|x64.ActiveCfg = Release|Any CPU
		{6F9A01CD-111C-47E1-B44E-75102162023B}.AppStore|x64.Build.0 = Release|Any CPU
		{6F9A01CD-111C-47E1-B44E-75102162023B}.AppStore|x64.Deploy.0 = Release|Any CPU
		{6F9A01CD-111C-47E1-B44E-75102162023B}.AppStore|x86.ActiveCfg = Release|Any CPU
		{6F9A01CD-111C-47E1-B44E-75102162023B}.AppStore|x86.Build.0 = Release|Any CPU
		{6F9A01CD-111C-47E1-B44E-75102162023B}.AppStore|x86.Deploy.0 = Release|Any CPU
		{6F9A01CD-111C-47E1-B44E-75102162023B}.Debug|Any CPU.ActiveCfg = Debug|Any CPU
		{6F9A01CD-111C-47E1-B44E-75102162023B}.Debug|Any CPU.Build.0 = Debug|Any CPU
		{6F9A01CD-111C-47E1-B44E-75102162023B}.Debug|Any CPU.Deploy.0 = Debug|Any CPU
		{6F9A01CD-111C-47E1-B44E-75102162023B}.Debug|ARM.ActiveCfg = Debug|Any CPU
		{6F9A01CD-111C-47E1-B44E-75102162023B}.Debug|ARM.Build.0 = Debug|Any CPU
		{6F9A01CD-111C-47E1-B44E-75102162023B}.Debug|ARM.Deploy.0 = Debug|Any CPU
		{6F9A01CD-111C-47E1-B44E-75102162023B}.Debug|iPhone.ActiveCfg = Debug|Any CPU
		{6F9A01CD-111C-47E1-B44E-75102162023B}.Debug|iPhone.Build.0 = Debug|Any CPU
		{6F9A01CD-111C-47E1-B44E-75102162023B}.Debug|iPhone.Deploy.0 = Debug|Any CPU
		{6F9A01CD-111C-47E1-B44E-75102162023B}.Debug|iPhoneSimulator.ActiveCfg = Debug|Any CPU
		{6F9A01CD-111C-47E1-B44E-75102162023B}.Debug|iPhoneSimulator.Build.0 = Debug|Any CPU
		{6F9A01CD-111C-47E1-B44E-75102162023B}.Debug|iPhoneSimulator.Deploy.0 = Debug|Any CPU
		{6F9A01CD-111C-47E1-B44E-75102162023B}.Debug|x64.ActiveCfg = Debug|Any CPU
		{6F9A01CD-111C-47E1-B44E-75102162023B}.Debug|x64.Build.0 = Debug|Any CPU
		{6F9A01CD-111C-47E1-B44E-75102162023B}.Debug|x64.Deploy.0 = Debug|Any CPU
		{6F9A01CD-111C-47E1-B44E-75102162023B}.Debug|x86.ActiveCfg = Debug|Any CPU
		{6F9A01CD-111C-47E1-B44E-75102162023B}.Debug|x86.Build.0 = Debug|Any CPU
		{6F9A01CD-111C-47E1-B44E-75102162023B}.Debug|x86.Deploy.0 = Debug|Any CPU
		{6F9A01CD-111C-47E1-B44E-75102162023B}.Release|Any CPU.ActiveCfg = Release|Any CPU
		{6F9A01CD-111C-47E1-B44E-75102162023B}.Release|Any CPU.Build.0 = Release|Any CPU
		{6F9A01CD-111C-47E1-B44E-75102162023B}.Release|Any CPU.Deploy.0 = Release|Any CPU
		{6F9A01CD-111C-47E1-B44E-75102162023B}.Release|ARM.ActiveCfg = Release|Any CPU
		{6F9A01CD-111C-47E1-B44E-75102162023B}.Release|ARM.Build.0 = Release|Any CPU
		{6F9A01CD-111C-47E1-B44E-75102162023B}.Release|ARM.Deploy.0 = Release|Any CPU
		{6F9A01CD-111C-47E1-B44E-75102162023B}.Release|iPhone.ActiveCfg = Release|Any CPU
		{6F9A01CD-111C-47E1-B44E-75102162023B}.Release|iPhone.Build.0 = Release|Any CPU
		{6F9A01CD-111C-47E1-B44E-75102162023B}.Release|iPhone.Deploy.0 = Release|Any CPU
		{6F9A01CD-111C-47E1-B44E-75102162023B}.Release|iPhoneSimulator.ActiveCfg = Release|Any CPU
		{6F9A01CD-111C-47E1-B44E-75102162023B}.Release|iPhoneSimulator.Build.0 = Release|Any CPU
		{6F9A01CD-111C-47E1-B44E-75102162023B}.Release|iPhoneSimulator.Deploy.0 = Release|Any CPU
		{6F9A01CD-111C-47E1-B44E-75102162023B}.Release|x64.ActiveCfg = Release|Any CPU
		{6F9A01CD-111C-47E1-B44E-75102162023B}.Release|x64.Build.0 = Release|Any CPU
		{6F9A01CD-111C-47E1-B44E-75102162023B}.Release|x64.Deploy.0 = Release|Any CPU
		{6F9A01CD-111C-47E1-B44E-75102162023B}.Release|x86.ActiveCfg = Release|Any CPU
		{6F9A01CD-111C-47E1-B44E-75102162023B}.Release|x86.Build.0 = Release|Any CPU
		{6F9A01CD-111C-47E1-B44E-75102162023B}.Release|x86.Deploy.0 = Release|Any CPU
		{3455606B-92A4-4ACF-8D04-73F9853640AF}.Ad-Hoc|Any CPU.ActiveCfg = Ad-Hoc|iPhone
		{3455606B-92A4-4ACF-8D04-73F9853640AF}.Ad-Hoc|ARM.ActiveCfg = Ad-Hoc|iPhone
		{3455606B-92A4-4ACF-8D04-73F9853640AF}.Ad-Hoc|iPhone.ActiveCfg = Ad-Hoc|iPhone
		{3455606B-92A4-4ACF-8D04-73F9853640AF}.Ad-Hoc|iPhone.Build.0 = Ad-Hoc|iPhone
		{3455606B-92A4-4ACF-8D04-73F9853640AF}.Ad-Hoc|iPhoneSimulator.ActiveCfg = Ad-Hoc|iPhoneSimulator
		{3455606B-92A4-4ACF-8D04-73F9853640AF}.Ad-Hoc|iPhoneSimulator.Build.0 = Ad-Hoc|iPhoneSimulator
		{3455606B-92A4-4ACF-8D04-73F9853640AF}.Ad-Hoc|x64.ActiveCfg = Ad-Hoc|iPhone
		{3455606B-92A4-4ACF-8D04-73F9853640AF}.Ad-Hoc|x86.ActiveCfg = Ad-Hoc|iPhone
		{3455606B-92A4-4ACF-8D04-73F9853640AF}.AppStore|Any CPU.ActiveCfg = AppStore|iPhone
		{3455606B-92A4-4ACF-8D04-73F9853640AF}.AppStore|ARM.ActiveCfg = AppStore|iPhone
		{3455606B-92A4-4ACF-8D04-73F9853640AF}.AppStore|iPhone.ActiveCfg = AppStore|iPhone
		{3455606B-92A4-4ACF-8D04-73F9853640AF}.AppStore|iPhone.Build.0 = AppStore|iPhone
		{3455606B-92A4-4ACF-8D04-73F9853640AF}.AppStore|iPhoneSimulator.ActiveCfg = AppStore|iPhoneSimulator
		{3455606B-92A4-4ACF-8D04-73F9853640AF}.AppStore|iPhoneSimulator.Build.0 = AppStore|iPhoneSimulator
		{3455606B-92A4-4ACF-8D04-73F9853640AF}.AppStore|x64.ActiveCfg = AppStore|iPhone
		{3455606B-92A4-4ACF-8D04-73F9853640AF}.AppStore|x86.ActiveCfg = AppStore|iPhone
		{3455606B-92A4-4ACF-8D04-73F9853640AF}.Debug|Any CPU.ActiveCfg = Debug|iPhone
		{3455606B-92A4-4ACF-8D04-73F9853640AF}.Debug|ARM.ActiveCfg = Debug|iPhone
		{3455606B-92A4-4ACF-8D04-73F9853640AF}.Debug|iPhone.ActiveCfg = Debug|iPhone
		{3455606B-92A4-4ACF-8D04-73F9853640AF}.Debug|iPhone.Build.0 = Debug|iPhone
		{3455606B-92A4-4ACF-8D04-73F9853640AF}.Debug|iPhoneSimulator.ActiveCfg = Debug|iPhoneSimulator
		{3455606B-92A4-4ACF-8D04-73F9853640AF}.Debug|iPhoneSimulator.Build.0 = Debug|iPhoneSimulator
		{3455606B-92A4-4ACF-8D04-73F9853640AF}.Debug|x64.ActiveCfg = Debug|iPhone
		{3455606B-92A4-4ACF-8D04-73F9853640AF}.Debug|x86.ActiveCfg = Debug|iPhone
		{3455606B-92A4-4ACF-8D04-73F9853640AF}.Release|Any CPU.ActiveCfg = Release|iPhone
		{3455606B-92A4-4ACF-8D04-73F9853640AF}.Release|ARM.ActiveCfg = Release|iPhone
		{3455606B-92A4-4ACF-8D04-73F9853640AF}.Release|iPhone.ActiveCfg = Release|iPhone
		{3455606B-92A4-4ACF-8D04-73F9853640AF}.Release|iPhone.Build.0 = Release|iPhone
		{3455606B-92A4-4ACF-8D04-73F9853640AF}.Release|iPhoneSimulator.ActiveCfg = Release|iPhoneSimulator
		{3455606B-92A4-4ACF-8D04-73F9853640AF}.Release|iPhoneSimulator.Build.0 = Release|iPhoneSimulator
		{3455606B-92A4-4ACF-8D04-73F9853640AF}.Release|x64.ActiveCfg = Release|iPhone
		{3455606B-92A4-4ACF-8D04-73F9853640AF}.Release|x86.ActiveCfg = Release|iPhone
		{1040892D-A464-45B2-8B17-A3208426CF4A}.Ad-Hoc|Any CPU.ActiveCfg = Release|Any CPU
		{1040892D-A464-45B2-8B17-A3208426CF4A}.Ad-Hoc|Any CPU.Build.0 = Release|Any CPU
		{1040892D-A464-45B2-8B17-A3208426CF4A}.Ad-Hoc|Any CPU.Deploy.0 = Release|Any CPU
		{1040892D-A464-45B2-8B17-A3208426CF4A}.Ad-Hoc|ARM.ActiveCfg = Release|ARM
		{1040892D-A464-45B2-8B17-A3208426CF4A}.Ad-Hoc|ARM.Build.0 = Release|ARM
		{1040892D-A464-45B2-8B17-A3208426CF4A}.Ad-Hoc|ARM.Deploy.0 = Release|ARM
		{1040892D-A464-45B2-8B17-A3208426CF4A}.Ad-Hoc|iPhone.ActiveCfg = Release|Any CPU
		{1040892D-A464-45B2-8B17-A3208426CF4A}.Ad-Hoc|iPhone.Build.0 = Release|Any CPU
		{1040892D-A464-45B2-8B17-A3208426CF4A}.Ad-Hoc|iPhone.Deploy.0 = Release|Any CPU
		{1040892D-A464-45B2-8B17-A3208426CF4A}.Ad-Hoc|iPhoneSimulator.ActiveCfg = Release|Any CPU
		{1040892D-A464-45B2-8B17-A3208426CF4A}.Ad-Hoc|iPhoneSimulator.Build.0 = Release|Any CPU
		{1040892D-A464-45B2-8B17-A3208426CF4A}.Ad-Hoc|iPhoneSimulator.Deploy.0 = Release|Any CPU
		{1040892D-A464-45B2-8B17-A3208426CF4A}.Ad-Hoc|x64.ActiveCfg = Release|Any CPU
		{1040892D-A464-45B2-8B17-A3208426CF4A}.Ad-Hoc|x64.Build.0 = Release|Any CPU
		{1040892D-A464-45B2-8B17-A3208426CF4A}.Ad-Hoc|x64.Deploy.0 = Release|Any CPU
		{1040892D-A464-45B2-8B17-A3208426CF4A}.Ad-Hoc|x86.ActiveCfg = Release|x86
		{1040892D-A464-45B2-8B17-A3208426CF4A}.Ad-Hoc|x86.Build.0 = Release|x86
		{1040892D-A464-45B2-8B17-A3208426CF4A}.Ad-Hoc|x86.Deploy.0 = Release|x86
		{1040892D-A464-45B2-8B17-A3208426CF4A}.AppStore|Any CPU.ActiveCfg = Release|Any CPU
		{1040892D-A464-45B2-8B17-A3208426CF4A}.AppStore|Any CPU.Build.0 = Release|Any CPU
		{1040892D-A464-45B2-8B17-A3208426CF4A}.AppStore|Any CPU.Deploy.0 = Release|Any CPU
		{1040892D-A464-45B2-8B17-A3208426CF4A}.AppStore|ARM.ActiveCfg = Release|ARM
		{1040892D-A464-45B2-8B17-A3208426CF4A}.AppStore|ARM.Build.0 = Release|ARM
		{1040892D-A464-45B2-8B17-A3208426CF4A}.AppStore|ARM.Deploy.0 = Release|ARM
		{1040892D-A464-45B2-8B17-A3208426CF4A}.AppStore|iPhone.ActiveCfg = Release|Any CPU
		{1040892D-A464-45B2-8B17-A3208426CF4A}.AppStore|iPhone.Build.0 = Release|Any CPU
		{1040892D-A464-45B2-8B17-A3208426CF4A}.AppStore|iPhone.Deploy.0 = Release|Any CPU
		{1040892D-A464-45B2-8B17-A3208426CF4A}.AppStore|iPhoneSimulator.ActiveCfg = Release|Any CPU
		{1040892D-A464-45B2-8B17-A3208426CF4A}.AppStore|iPhoneSimulator.Build.0 = Release|Any CPU
		{1040892D-A464-45B2-8B17-A3208426CF4A}.AppStore|iPhoneSimulator.Deploy.0 = Release|Any CPU
		{1040892D-A464-45B2-8B17-A3208426CF4A}.AppStore|x64.ActiveCfg = Release|Any CPU
		{1040892D-A464-45B2-8B17-A3208426CF4A}.AppStore|x64.Build.0 = Release|Any CPU
		{1040892D-A464-45B2-8B17-A3208426CF4A}.AppStore|x64.Deploy.0 = Release|Any CPU
		{1040892D-A464-45B2-8B17-A3208426CF4A}.AppStore|x86.ActiveCfg = Release|x86
		{1040892D-A464-45B2-8B17-A3208426CF4A}.AppStore|x86.Build.0 = Release|x86
		{1040892D-A464-45B2-8B17-A3208426CF4A}.AppStore|x86.Deploy.0 = Release|x86
		{1040892D-A464-45B2-8B17-A3208426CF4A}.Debug|Any CPU.ActiveCfg = Debug|Any CPU
		{1040892D-A464-45B2-8B17-A3208426CF4A}.Debug|Any CPU.Build.0 = Debug|Any CPU
		{1040892D-A464-45B2-8B17-A3208426CF4A}.Debug|Any CPU.Deploy.0 = Debug|Any CPU
		{1040892D-A464-45B2-8B17-A3208426CF4A}.Debug|ARM.ActiveCfg = Debug|ARM
		{1040892D-A464-45B2-8B17-A3208426CF4A}.Debug|ARM.Build.0 = Debug|ARM
		{1040892D-A464-45B2-8B17-A3208426CF4A}.Debug|ARM.Deploy.0 = Debug|ARM
		{1040892D-A464-45B2-8B17-A3208426CF4A}.Debug|iPhone.ActiveCfg = Debug|Any CPU
		{1040892D-A464-45B2-8B17-A3208426CF4A}.Debug|iPhone.Build.0 = Debug|Any CPU
		{1040892D-A464-45B2-8B17-A3208426CF4A}.Debug|iPhone.Deploy.0 = Debug|Any CPU
		{1040892D-A464-45B2-8B17-A3208426CF4A}.Debug|iPhoneSimulator.ActiveCfg = Debug|Any CPU
		{1040892D-A464-45B2-8B17-A3208426CF4A}.Debug|iPhoneSimulator.Build.0 = Debug|Any CPU
		{1040892D-A464-45B2-8B17-A3208426CF4A}.Debug|iPhoneSimulator.Deploy.0 = Debug|Any CPU
		{1040892D-A464-45B2-8B17-A3208426CF4A}.Debug|x64.ActiveCfg = Debug|Any CPU
		{1040892D-A464-45B2-8B17-A3208426CF4A}.Debug|x64.Build.0 = Debug|Any CPU
		{1040892D-A464-45B2-8B17-A3208426CF4A}.Debug|x64.Deploy.0 = Debug|Any CPU
		{1040892D-A464-45B2-8B17-A3208426CF4A}.Debug|x86.ActiveCfg = Debug|x86
		{1040892D-A464-45B2-8B17-A3208426CF4A}.Debug|x86.Build.0 = Debug|x86
		{1040892D-A464-45B2-8B17-A3208426CF4A}.Debug|x86.Deploy.0 = Debug|x86
		{1040892D-A464-45B2-8B17-A3208426CF4A}.Release|Any CPU.ActiveCfg = Release|Any CPU
		{1040892D-A464-45B2-8B17-A3208426CF4A}.Release|Any CPU.Build.0 = Release|Any CPU
		{1040892D-A464-45B2-8B17-A3208426CF4A}.Release|Any CPU.Deploy.0 = Release|Any CPU
		{1040892D-A464-45B2-8B17-A3208426CF4A}.Release|ARM.ActiveCfg = Release|ARM
		{1040892D-A464-45B2-8B17-A3208426CF4A}.Release|ARM.Build.0 = Release|ARM
		{1040892D-A464-45B2-8B17-A3208426CF4A}.Release|ARM.Deploy.0 = Release|ARM
		{1040892D-A464-45B2-8B17-A3208426CF4A}.Release|iPhone.ActiveCfg = Release|Any CPU
		{1040892D-A464-45B2-8B17-A3208426CF4A}.Release|iPhone.Build.0 = Release|Any CPU
		{1040892D-A464-45B2-8B17-A3208426CF4A}.Release|iPhone.Deploy.0 = Release|Any CPU
		{1040892D-A464-45B2-8B17-A3208426CF4A}.Release|iPhoneSimulator.ActiveCfg = Release|Any CPU
		{1040892D-A464-45B2-8B17-A3208426CF4A}.Release|iPhoneSimulator.Build.0 = Release|Any CPU
		{1040892D-A464-45B2-8B17-A3208426CF4A}.Release|iPhoneSimulator.Deploy.0 = Release|Any CPU
		{1040892D-A464-45B2-8B17-A3208426CF4A}.Release|x64.ActiveCfg = Release|Any CPU
		{1040892D-A464-45B2-8B17-A3208426CF4A}.Release|x64.Build.0 = Release|Any CPU
		{1040892D-A464-45B2-8B17-A3208426CF4A}.Release|x64.Deploy.0 = Release|Any CPU
		{1040892D-A464-45B2-8B17-A3208426CF4A}.Release|x86.ActiveCfg = Release|x86
		{1040892D-A464-45B2-8B17-A3208426CF4A}.Release|x86.Build.0 = Release|x86
		{1040892D-A464-45B2-8B17-A3208426CF4A}.Release|x86.Deploy.0 = Release|x86
		{C475B655-D056-407D-8C61-2D29AE0A0A5A}.Ad-Hoc|Any CPU.ActiveCfg = Release|x86
		{C475B655-D056-407D-8C61-2D29AE0A0A5A}.Ad-Hoc|Any CPU.Build.0 = Release|x86
		{C475B655-D056-407D-8C61-2D29AE0A0A5A}.Ad-Hoc|Any CPU.Deploy.0 = Release|x86
		{C475B655-D056-407D-8C61-2D29AE0A0A5A}.Ad-Hoc|ARM.ActiveCfg = Release|ARM
		{C475B655-D056-407D-8C61-2D29AE0A0A5A}.Ad-Hoc|ARM.Build.0 = Release|ARM
		{C475B655-D056-407D-8C61-2D29AE0A0A5A}.Ad-Hoc|ARM.Deploy.0 = Release|ARM
		{C475B655-D056-407D-8C61-2D29AE0A0A5A}.Ad-Hoc|iPhone.ActiveCfg = Release|x86
		{C475B655-D056-407D-8C61-2D29AE0A0A5A}.Ad-Hoc|iPhone.Build.0 = Release|x86
		{C475B655-D056-407D-8C61-2D29AE0A0A5A}.Ad-Hoc|iPhone.Deploy.0 = Release|x86
		{C475B655-D056-407D-8C61-2D29AE0A0A5A}.Ad-Hoc|iPhoneSimulator.ActiveCfg = Release|x86
		{C475B655-D056-407D-8C61-2D29AE0A0A5A}.Ad-Hoc|iPhoneSimulator.Build.0 = Release|x86
		{C475B655-D056-407D-8C61-2D29AE0A0A5A}.Ad-Hoc|iPhoneSimulator.Deploy.0 = Release|x86
		{C475B655-D056-407D-8C61-2D29AE0A0A5A}.Ad-Hoc|x64.ActiveCfg = Release|x64
		{C475B655-D056-407D-8C61-2D29AE0A0A5A}.Ad-Hoc|x64.Build.0 = Release|x64
		{C475B655-D056-407D-8C61-2D29AE0A0A5A}.Ad-Hoc|x64.Deploy.0 = Release|x64
		{C475B655-D056-407D-8C61-2D29AE0A0A5A}.Ad-Hoc|x86.ActiveCfg = Release|x86
		{C475B655-D056-407D-8C61-2D29AE0A0A5A}.Ad-Hoc|x86.Build.0 = Release|x86
		{C475B655-D056-407D-8C61-2D29AE0A0A5A}.Ad-Hoc|x86.Deploy.0 = Release|x86
		{C475B655-D056-407D-8C61-2D29AE0A0A5A}.AppStore|Any CPU.ActiveCfg = Release|x86
		{C475B655-D056-407D-8C61-2D29AE0A0A5A}.AppStore|Any CPU.Build.0 = Release|x86
		{C475B655-D056-407D-8C61-2D29AE0A0A5A}.AppStore|Any CPU.Deploy.0 = Release|x86
		{C475B655-D056-407D-8C61-2D29AE0A0A5A}.AppStore|ARM.ActiveCfg = Release|ARM
		{C475B655-D056-407D-8C61-2D29AE0A0A5A}.AppStore|ARM.Build.0 = Release|ARM
		{C475B655-D056-407D-8C61-2D29AE0A0A5A}.AppStore|ARM.Deploy.0 = Release|ARM
		{C475B655-D056-407D-8C61-2D29AE0A0A5A}.AppStore|iPhone.ActiveCfg = Release|x86
		{C475B655-D056-407D-8C61-2D29AE0A0A5A}.AppStore|iPhone.Build.0 = Release|x86
		{C475B655-D056-407D-8C61-2D29AE0A0A5A}.AppStore|iPhone.Deploy.0 = Release|x86
		{C475B655-D056-407D-8C61-2D29AE0A0A5A}.AppStore|iPhoneSimulator.ActiveCfg = Release|x86
		{C475B655-D056-407D-8C61-2D29AE0A0A5A}.AppStore|iPhoneSimulator.Build.0 = Release|x86
		{C475B655-D056-407D-8C61-2D29AE0A0A5A}.AppStore|iPhoneSimulator.Deploy.0 = Release|x86
		{C475B655-D056-407D-8C61-2D29AE0A0A5A}.AppStore|x64.ActiveCfg = Release|x64
		{C475B655-D056-407D-8C61-2D29AE0A0A5A}.AppStore|x64.Build.0 = Release|x64
		{C475B655-D056-407D-8C61-2D29AE0A0A5A}.AppStore|x64.Deploy.0 = Release|x64
		{C475B655-D056-407D-8C61-2D29AE0A0A5A}.AppStore|x86.ActiveCfg = Release|x86
		{C475B655-D056-407D-8C61-2D29AE0A0A5A}.AppStore|x86.Build.0 = Release|x86
		{C475B655-D056-407D-8C61-2D29AE0A0A5A}.AppStore|x86.Deploy.0 = Release|x86
		{C475B655-D056-407D-8C61-2D29AE0A0A5A}.Debug|Any CPU.ActiveCfg = Debug|x86
		{C475B655-D056-407D-8C61-2D29AE0A0A5A}.Debug|ARM.ActiveCfg = Debug|ARM
		{C475B655-D056-407D-8C61-2D29AE0A0A5A}.Debug|ARM.Build.0 = Debug|ARM
		{C475B655-D056-407D-8C61-2D29AE0A0A5A}.Debug|ARM.Deploy.0 = Debug|ARM
		{C475B655-D056-407D-8C61-2D29AE0A0A5A}.Debug|iPhone.ActiveCfg = Debug|x86
		{C475B655-D056-407D-8C61-2D29AE0A0A5A}.Debug|iPhoneSimulator.ActiveCfg = Debug|x86
		{C475B655-D056-407D-8C61-2D29AE0A0A5A}.Debug|x64.ActiveCfg = Debug|x64
		{C475B655-D056-407D-8C61-2D29AE0A0A5A}.Debug|x64.Build.0 = Debug|x64
		{C475B655-D056-407D-8C61-2D29AE0A0A5A}.Debug|x64.Deploy.0 = Debug|x64
		{C475B655-D056-407D-8C61-2D29AE0A0A5A}.Debug|x86.ActiveCfg = Debug|x86
		{C475B655-D056-407D-8C61-2D29AE0A0A5A}.Debug|x86.Build.0 = Debug|x86
		{C475B655-D056-407D-8C61-2D29AE0A0A5A}.Debug|x86.Deploy.0 = Debug|x86
		{C475B655-D056-407D-8C61-2D29AE0A0A5A}.Release|Any CPU.ActiveCfg = Release|x86
		{C475B655-D056-407D-8C61-2D29AE0A0A5A}.Release|ARM.ActiveCfg = Release|ARM
		{C475B655-D056-407D-8C61-2D29AE0A0A5A}.Release|ARM.Build.0 = Release|ARM
		{C475B655-D056-407D-8C61-2D29AE0A0A5A}.Release|ARM.Deploy.0 = Release|ARM
		{C475B655-D056-407D-8C61-2D29AE0A0A5A}.Release|iPhone.ActiveCfg = Release|x86
		{C475B655-D056-407D-8C61-2D29AE0A0A5A}.Release|iPhoneSimulator.ActiveCfg = Release|x86
		{C475B655-D056-407D-8C61-2D29AE0A0A5A}.Release|x64.ActiveCfg = Release|x64
		{C475B655-D056-407D-8C61-2D29AE0A0A5A}.Release|x64.Build.0 = Release|x64
		{C475B655-D056-407D-8C61-2D29AE0A0A5A}.Release|x64.Deploy.0 = Release|x64
		{C475B655-D056-407D-8C61-2D29AE0A0A5A}.Release|x86.ActiveCfg = Release|x86
		{C475B655-D056-407D-8C61-2D29AE0A0A5A}.Release|x86.Build.0 = Release|x86
		{C475B655-D056-407D-8C61-2D29AE0A0A5A}.Release|x86.Deploy.0 = Release|x86
		{F40424DB-B444-4C10-8168-1FA11FACEF1E}.Ad-Hoc|Any CPU.ActiveCfg = Release|Any CPU
		{F40424DB-B444-4C10-8168-1FA11FACEF1E}.Ad-Hoc|Any CPU.Build.0 = Release|Any CPU
		{F40424DB-B444-4C10-8168-1FA11FACEF1E}.Ad-Hoc|Any CPU.Deploy.0 = Release|Any CPU
		{F40424DB-B444-4C10-8168-1FA11FACEF1E}.Ad-Hoc|ARM.ActiveCfg = Release|ARM
		{F40424DB-B444-4C10-8168-1FA11FACEF1E}.Ad-Hoc|ARM.Build.0 = Release|ARM
		{F40424DB-B444-4C10-8168-1FA11FACEF1E}.Ad-Hoc|ARM.Deploy.0 = Release|ARM
		{F40424DB-B444-4C10-8168-1FA11FACEF1E}.Ad-Hoc|iPhone.ActiveCfg = Release|Any CPU
		{F40424DB-B444-4C10-8168-1FA11FACEF1E}.Ad-Hoc|iPhone.Build.0 = Release|Any CPU
		{F40424DB-B444-4C10-8168-1FA11FACEF1E}.Ad-Hoc|iPhone.Deploy.0 = Release|Any CPU
		{F40424DB-B444-4C10-8168-1FA11FACEF1E}.Ad-Hoc|iPhoneSimulator.ActiveCfg = Release|Any CPU
		{F40424DB-B444-4C10-8168-1FA11FACEF1E}.Ad-Hoc|iPhoneSimulator.Build.0 = Release|Any CPU
		{F40424DB-B444-4C10-8168-1FA11FACEF1E}.Ad-Hoc|iPhoneSimulator.Deploy.0 = Release|Any CPU
		{F40424DB-B444-4C10-8168-1FA11FACEF1E}.Ad-Hoc|x64.ActiveCfg = Release|x64
		{F40424DB-B444-4C10-8168-1FA11FACEF1E}.Ad-Hoc|x64.Build.0 = Release|x64
		{F40424DB-B444-4C10-8168-1FA11FACEF1E}.Ad-Hoc|x64.Deploy.0 = Release|x64
		{F40424DB-B444-4C10-8168-1FA11FACEF1E}.Ad-Hoc|x86.ActiveCfg = Release|x86
		{F40424DB-B444-4C10-8168-1FA11FACEF1E}.Ad-Hoc|x86.Build.0 = Release|x86
		{F40424DB-B444-4C10-8168-1FA11FACEF1E}.Ad-Hoc|x86.Deploy.0 = Release|x86
		{F40424DB-B444-4C10-8168-1FA11FACEF1E}.AppStore|Any CPU.ActiveCfg = Release|Any CPU
		{F40424DB-B444-4C10-8168-1FA11FACEF1E}.AppStore|Any CPU.Build.0 = Release|Any CPU
		{F40424DB-B444-4C10-8168-1FA11FACEF1E}.AppStore|Any CPU.Deploy.0 = Release|Any CPU
		{F40424DB-B444-4C10-8168-1FA11FACEF1E}.AppStore|ARM.ActiveCfg = Release|ARM
		{F40424DB-B444-4C10-8168-1FA11FACEF1E}.AppStore|ARM.Build.0 = Release|ARM
		{F40424DB-B444-4C10-8168-1FA11FACEF1E}.AppStore|ARM.Deploy.0 = Release|ARM
		{F40424DB-B444-4C10-8168-1FA11FACEF1E}.AppStore|iPhone.ActiveCfg = Release|Any CPU
		{F40424DB-B444-4C10-8168-1FA11FACEF1E}.AppStore|iPhone.Build.0 = Release|Any CPU
		{F40424DB-B444-4C10-8168-1FA11FACEF1E}.AppStore|iPhone.Deploy.0 = Release|Any CPU
		{F40424DB-B444-4C10-8168-1FA11FACEF1E}.AppStore|iPhoneSimulator.ActiveCfg = Release|Any CPU
		{F40424DB-B444-4C10-8168-1FA11FACEF1E}.AppStore|iPhoneSimulator.Build.0 = Release|Any CPU
		{F40424DB-B444-4C10-8168-1FA11FACEF1E}.AppStore|iPhoneSimulator.Deploy.0 = Release|Any CPU
		{F40424DB-B444-4C10-8168-1FA11FACEF1E}.AppStore|x64.ActiveCfg = Release|x64
		{F40424DB-B444-4C10-8168-1FA11FACEF1E}.AppStore|x64.Build.0 = Release|x64
		{F40424DB-B444-4C10-8168-1FA11FACEF1E}.AppStore|x64.Deploy.0 = Release|x64
		{F40424DB-B444-4C10-8168-1FA11FACEF1E}.AppStore|x86.ActiveCfg = Release|x86
		{F40424DB-B444-4C10-8168-1FA11FACEF1E}.AppStore|x86.Build.0 = Release|x86
		{F40424DB-B444-4C10-8168-1FA11FACEF1E}.AppStore|x86.Deploy.0 = Release|x86
		{F40424DB-B444-4C10-8168-1FA11FACEF1E}.Debug|Any CPU.ActiveCfg = Debug|Any CPU
		{F40424DB-B444-4C10-8168-1FA11FACEF1E}.Debug|Any CPU.Build.0 = Debug|Any CPU
		{F40424DB-B444-4C10-8168-1FA11FACEF1E}.Debug|Any CPU.Deploy.0 = Debug|Any CPU
		{F40424DB-B444-4C10-8168-1FA11FACEF1E}.Debug|ARM.ActiveCfg = Debug|ARM
		{F40424DB-B444-4C10-8168-1FA11FACEF1E}.Debug|ARM.Build.0 = Debug|ARM
		{F40424DB-B444-4C10-8168-1FA11FACEF1E}.Debug|ARM.Deploy.0 = Debug|ARM
		{F40424DB-B444-4C10-8168-1FA11FACEF1E}.Debug|iPhone.ActiveCfg = Debug|Any CPU
		{F40424DB-B444-4C10-8168-1FA11FACEF1E}.Debug|iPhone.Build.0 = Debug|Any CPU
		{F40424DB-B444-4C10-8168-1FA11FACEF1E}.Debug|iPhone.Deploy.0 = Debug|Any CPU
		{F40424DB-B444-4C10-8168-1FA11FACEF1E}.Debug|iPhoneSimulator.ActiveCfg = Debug|Any CPU
		{F40424DB-B444-4C10-8168-1FA11FACEF1E}.Debug|iPhoneSimulator.Build.0 = Debug|Any CPU
		{F40424DB-B444-4C10-8168-1FA11FACEF1E}.Debug|iPhoneSimulator.Deploy.0 = Debug|Any CPU
		{F40424DB-B444-4C10-8168-1FA11FACEF1E}.Debug|x64.ActiveCfg = Debug|x64
		{F40424DB-B444-4C10-8168-1FA11FACEF1E}.Debug|x64.Build.0 = Debug|x64
		{F40424DB-B444-4C10-8168-1FA11FACEF1E}.Debug|x64.Deploy.0 = Debug|x64
		{F40424DB-B444-4C10-8168-1FA11FACEF1E}.Debug|x86.ActiveCfg = Debug|x86
		{F40424DB-B444-4C10-8168-1FA11FACEF1E}.Debug|x86.Build.0 = Debug|x86
		{F40424DB-B444-4C10-8168-1FA11FACEF1E}.Debug|x86.Deploy.0 = Debug|x86
		{F40424DB-B444-4C10-8168-1FA11FACEF1E}.Release|Any CPU.ActiveCfg = Release|Any CPU
		{F40424DB-B444-4C10-8168-1FA11FACEF1E}.Release|Any CPU.Build.0 = Release|Any CPU
		{F40424DB-B444-4C10-8168-1FA11FACEF1E}.Release|Any CPU.Deploy.0 = Release|Any CPU
		{F40424DB-B444-4C10-8168-1FA11FACEF1E}.Release|ARM.ActiveCfg = Release|ARM
		{F40424DB-B444-4C10-8168-1FA11FACEF1E}.Release|ARM.Build.0 = Release|ARM
		{F40424DB-B444-4C10-8168-1FA11FACEF1E}.Release|ARM.Deploy.0 = Release|ARM
		{F40424DB-B444-4C10-8168-1FA11FACEF1E}.Release|iPhone.ActiveCfg = Release|Any CPU
		{F40424DB-B444-4C10-8168-1FA11FACEF1E}.Release|iPhone.Build.0 = Release|Any CPU
		{F40424DB-B444-4C10-8168-1FA11FACEF1E}.Release|iPhone.Deploy.0 = Release|Any CPU
		{F40424DB-B444-4C10-8168-1FA11FACEF1E}.Release|iPhoneSimulator.ActiveCfg = Release|Any CPU
		{F40424DB-B444-4C10-8168-1FA11FACEF1E}.Release|iPhoneSimulator.Build.0 = Release|Any CPU
		{F40424DB-B444-4C10-8168-1FA11FACEF1E}.Release|iPhoneSimulator.Deploy.0 = Release|Any CPU
		{F40424DB-B444-4C10-8168-1FA11FACEF1E}.Release|x64.ActiveCfg = Release|x64
		{F40424DB-B444-4C10-8168-1FA11FACEF1E}.Release|x64.Build.0 = Release|x64
		{F40424DB-B444-4C10-8168-1FA11FACEF1E}.Release|x64.Deploy.0 = Release|x64
		{F40424DB-B444-4C10-8168-1FA11FACEF1E}.Release|x86.ActiveCfg = Release|x86
		{F40424DB-B444-4C10-8168-1FA11FACEF1E}.Release|x86.Build.0 = Release|x86
		{F40424DB-B444-4C10-8168-1FA11FACEF1E}.Release|x86.Deploy.0 = Release|x86
		{EA69A347-DF77-43E8-848B-9937A40A7372}.Ad-Hoc|Any CPU.ActiveCfg = Release|Any CPU
		{EA69A347-DF77-43E8-848B-9937A40A7372}.Ad-Hoc|Any CPU.Build.0 = Release|Any CPU
		{EA69A347-DF77-43E8-848B-9937A40A7372}.Ad-Hoc|ARM.ActiveCfg = Release|Any CPU
		{EA69A347-DF77-43E8-848B-9937A40A7372}.Ad-Hoc|ARM.Build.0 = Release|Any CPU
		{EA69A347-DF77-43E8-848B-9937A40A7372}.Ad-Hoc|iPhone.ActiveCfg = Release|Any CPU
		{EA69A347-DF77-43E8-848B-9937A40A7372}.Ad-Hoc|iPhone.Build.0 = Release|Any CPU
		{EA69A347-DF77-43E8-848B-9937A40A7372}.Ad-Hoc|iPhoneSimulator.ActiveCfg = Release|Any CPU
		{EA69A347-DF77-43E8-848B-9937A40A7372}.Ad-Hoc|iPhoneSimulator.Build.0 = Release|Any CPU
		{EA69A347-DF77-43E8-848B-9937A40A7372}.Ad-Hoc|x64.ActiveCfg = Release|Any CPU
		{EA69A347-DF77-43E8-848B-9937A40A7372}.Ad-Hoc|x64.Build.0 = Release|Any CPU
		{EA69A347-DF77-43E8-848B-9937A40A7372}.Ad-Hoc|x86.ActiveCfg = Release|Any CPU
		{EA69A347-DF77-43E8-848B-9937A40A7372}.Ad-Hoc|x86.Build.0 = Release|Any CPU
		{EA69A347-DF77-43E8-848B-9937A40A7372}.AppStore|Any CPU.ActiveCfg = Release|Any CPU
		{EA69A347-DF77-43E8-848B-9937A40A7372}.AppStore|Any CPU.Build.0 = Release|Any CPU
		{EA69A347-DF77-43E8-848B-9937A40A7372}.AppStore|ARM.ActiveCfg = Release|Any CPU
		{EA69A347-DF77-43E8-848B-9937A40A7372}.AppStore|ARM.Build.0 = Release|Any CPU
		{EA69A347-DF77-43E8-848B-9937A40A7372}.AppStore|iPhone.ActiveCfg = Release|Any CPU
		{EA69A347-DF77-43E8-848B-9937A40A7372}.AppStore|iPhone.Build.0 = Release|Any CPU
		{EA69A347-DF77-43E8-848B-9937A40A7372}.AppStore|iPhoneSimulator.ActiveCfg = Release|Any CPU
		{EA69A347-DF77-43E8-848B-9937A40A7372}.AppStore|iPhoneSimulator.Build.0 = Release|Any CPU
		{EA69A347-DF77-43E8-848B-9937A40A7372}.AppStore|x64.ActiveCfg = Release|Any CPU
		{EA69A347-DF77-43E8-848B-9937A40A7372}.AppStore|x64.Build.0 = Release|Any CPU
		{EA69A347-DF77-43E8-848B-9937A40A7372}.AppStore|x86.ActiveCfg = Release|Any CPU
		{EA69A347-DF77-43E8-848B-9937A40A7372}.AppStore|x86.Build.0 = Release|Any CPU
		{EA69A347-DF77-43E8-848B-9937A40A7372}.Debug|Any CPU.ActiveCfg = Debug|Any CPU
		{EA69A347-DF77-43E8-848B-9937A40A7372}.Debug|Any CPU.Build.0 = Debug|Any CPU
		{EA69A347-DF77-43E8-848B-9937A40A7372}.Debug|ARM.ActiveCfg = Debug|Any CPU
		{EA69A347-DF77-43E8-848B-9937A40A7372}.Debug|ARM.Build.0 = Debug|Any CPU
		{EA69A347-DF77-43E8-848B-9937A40A7372}.Debug|iPhone.ActiveCfg = Debug|Any CPU
		{EA69A347-DF77-43E8-848B-9937A40A7372}.Debug|iPhone.Build.0 = Debug|Any CPU
		{EA69A347-DF77-43E8-848B-9937A40A7372}.Debug|iPhoneSimulator.ActiveCfg = Debug|Any CPU
		{EA69A347-DF77-43E8-848B-9937A40A7372}.Debug|iPhoneSimulator.Build.0 = Debug|Any CPU
		{EA69A347-DF77-43E8-848B-9937A40A7372}.Debug|x64.ActiveCfg = Debug|Any CPU
		{EA69A347-DF77-43E8-848B-9937A40A7372}.Debug|x64.Build.0 = Debug|Any CPU
		{EA69A347-DF77-43E8-848B-9937A40A7372}.Debug|x86.ActiveCfg = Debug|Any CPU
		{EA69A347-DF77-43E8-848B-9937A40A7372}.Debug|x86.Build.0 = Debug|Any CPU
		{EA69A347-DF77-43E8-848B-9937A40A7372}.Release|Any CPU.ActiveCfg = Release|Any CPU
		{EA69A347-DF77-43E8-848B-9937A40A7372}.Release|Any CPU.Build.0 = Release|Any CPU
		{EA69A347-DF77-43E8-848B-9937A40A7372}.Release|ARM.ActiveCfg = Release|Any CPU
		{EA69A347-DF77-43E8-848B-9937A40A7372}.Release|ARM.Build.0 = Release|Any CPU
		{EA69A347-DF77-43E8-848B-9937A40A7372}.Release|iPhone.ActiveCfg = Release|Any CPU
		{EA69A347-DF77-43E8-848B-9937A40A7372}.Release|iPhone.Build.0 = Release|Any CPU
		{EA69A347-DF77-43E8-848B-9937A40A7372}.Release|iPhoneSimulator.ActiveCfg = Release|Any CPU
		{EA69A347-DF77-43E8-848B-9937A40A7372}.Release|iPhoneSimulator.Build.0 = Release|Any CPU
		{EA69A347-DF77-43E8-848B-9937A40A7372}.Release|x64.ActiveCfg = Release|Any CPU
		{EA69A347-DF77-43E8-848B-9937A40A7372}.Release|x64.Build.0 = Release|Any CPU
		{EA69A347-DF77-43E8-848B-9937A40A7372}.Release|x86.ActiveCfg = Release|Any CPU
		{EA69A347-DF77-43E8-848B-9937A40A7372}.Release|x86.Build.0 = Release|Any CPU
	EndGlobalSection
	GlobalSection(SolutionProperties) = preSolution
		HideSolutionNode = FALSE
	EndGlobalSection
EndGlobal
